// !$*UTF8*$!
{
	archiveVersion = 1;
	classes = {
	};
	objectVersion = 46;
	objects = {

/* Begin PBXBuildFile section */
		3A29BDAB1C180292004E8CC0 /* main.m in Sources */ = {isa = PBXBuildFile; fileRef = 3A29BDAA1C180292004E8CC0 /* main.m */; };
		3A29BDAE1C180292004E8CC0 /* AppDelegate.m in Sources */ = {isa = PBXBuildFile; fileRef = 3A29BDAD1C180292004E8CC0 /* AppDelegate.m */; };
		3A29BDB61C180292004E8CC0 /* Assets.xcassets in Resources */ = {isa = PBXBuildFile; fileRef = 3A29BDB51C180292004E8CC0 /* Assets.xcassets */; };
		3A29BDB91C180292004E8CC0 /* LaunchScreen.storyboard in Resources */ = {isa = PBXBuildFile; fileRef = 3A29BDB71C180292004E8CC0 /* LaunchScreen.storyboard */; };
		3A29BDC41C180292004E8CC0 /* HypnosisterTests.m in Sources */ = {isa = PBXBuildFile; fileRef = 3A29BDC31C180292004E8CC0 /* HypnosisterTests.m */; };
		3A29BDCF1C180292004E8CC0 /* HypnosisterUITests.m in Sources */ = {isa = PBXBuildFile; fileRef = 3A29BDCE1C180292004E8CC0 /* HypnosisterUITests.m */; };
		3A29BDDE1C18046A004E8CC0 /* BNRHypnosisView.m in Sources */ = {isa = PBXBuildFile; fileRef = 3A29BDDD1C18046A004E8CC0 /* BNRHypnosisView.m */; };
		3A29BDE61C180F29004E8CC0 /* ViewController.m in Sources */ = {isa = PBXBuildFile; fileRef = 3A29BDE51C180F29004E8CC0 /* ViewController.m */; };
		3A29BDE81C183396004E8CC0 /* logo.png in Resources */ = {isa = PBXBuildFile; fileRef = 3A29BDE71C183396004E8CC0 /* logo.png */; };
/* End PBXBuildFile section */

/* Begin PBXContainerItemProxy section */
		3A29BDC01C180292004E8CC0 /* PBXContainerItemProxy */ = {
			isa = PBXContainerItemProxy;
			containerPortal = 3A29BD9E1C180292004E8CC0 /* Project object */;
			proxyType = 1;
			remoteGlobalIDString = 3A29BDA51C180292004E8CC0;
			remoteInfo = Hypnosister;
		};
		3A29BDCB1C180292004E8CC0 /* PBXContainerItemProxy */ = {
			isa = PBXContainerItemProxy;
			containerPortal = 3A29BD9E1C180292004E8CC0 /* Project object */;
			proxyType = 1;
			remoteGlobalIDString = 3A29BDA51C180292004E8CC0;
			remoteInfo = Hypnosister;
		};
/* End PBXContainerItemProxy section */

/* Begin PBXFileReference section */
		3A29BDA61C180292004E8CC0 /* Hypnosister.app */ = {isa = PBXFileReference; explicitFileType = wrapper.application; includeInIndex = 0; path = Hypnosister.app; sourceTree = BUILT_PRODUCTS_DIR; };
		3A29BDAA1C180292004E8CC0 /* main.m */ = {isa = PBXFileReference; lastKnownFileType = sourcecode.c.objc; path = main.m; sourceTree = "<group>"; };
		3A29BDAC1C180292004E8CC0 /* AppDelegate.h */ = {isa = PBXFileReference; lastKnownFileType = sourcecode.c.h; path = AppDelegate.h; sourceTree = "<group>"; };
		3A29BDAD1C180292004E8CC0 /* AppDelegate.m */ = {isa = PBXFileReference; lastKnownFileType = sourcecode.c.objc; path = AppDelegate.m; sourceTree = "<group>"; };
		3A29BDB51C180292004E8CC0 /* Assets.xcassets */ = {isa = PBXFileReference; lastKnownFileType = folder.assetcatalog; path = Assets.xcassets; sourceTree = "<group>"; };
		3A29BDB81C180292004E8CC0 /* Base */ = {isa = PBXFileReference; lastKnownFileType = file.storyboard; name = Base; path = Base.lproj/LaunchScreen.storyboard; sourceTree = "<group>"; };
		3A29BDBA1C180292004E8CC0 /* Info.plist */ = {isa = PBXFileReference; lastKnownFileType = text.plist.xml; path = Info.plist; sourceTree = "<group>"; };
		3A29BDBF1C180292004E8CC0 /* HypnosisterTests.xctest */ = {isa = PBXFileReference; explicitFileType = wrapper.cfbundle; includeInIndex = 0; path = HypnosisterTests.xctest; sourceTree = BUILT_PRODUCTS_DIR; };
		3A29BDC31C180292004E8CC0 /* HypnosisterTests.m */ = {isa = PBXFileReference; lastKnownFileType = sourcecode.c.objc; path = HypnosisterTests.m; sourceTree = "<group>"; };
		3A29BDC51C180292004E8CC0 /* Info.plist */ = {isa = PBXFileReference; lastKnownFileType = text.plist.xml; path = Info.plist; sourceTree = "<group>"; };
		3A29BDCA1C180292004E8CC0 /* HypnosisterUITests.xctest */ = {isa = PBXFileReference; explicitFileType = wrapper.cfbundle; includeInIndex = 0; path = HypnosisterUITests.xctest; sourceTree = BUILT_PRODUCTS_DIR; };
		3A29BDCE1C180292004E8CC0 /* HypnosisterUITests.m */ = {isa = PBXFileReference; lastKnownFileType = sourcecode.c.objc; path = HypnosisterUITests.m; sourceTree = "<group>"; };
		3A29BDD01C180292004E8CC0 /* Info.plist */ = {isa = PBXFileReference; lastKnownFileType = text.plist.xml; path = Info.plist; sourceTree = "<group>"; };
		3A29BDDC1C18046A004E8CC0 /* BNRHypnosisView.h */ = {isa = PBXFileReference; fileEncoding = 4; lastKnownFileType = sourcecode.c.h; path = BNRHypnosisView.h; sourceTree = "<group>"; };
		3A29BDDD1C18046A004E8CC0 /* BNRHypnosisView.m */ = {isa = PBXFileReference; fileEncoding = 4; lastKnownFileType = sourcecode.c.objc; path = BNRHypnosisView.m; sourceTree = "<group>"; };
		3A29BDE41C180F29004E8CC0 /* ViewController.h */ = {isa = PBXFileReference; fileEncoding = 4; lastKnownFileType = sourcecode.c.h; path = ViewController.h; sourceTree = "<group>"; };
		3A29BDE51C180F29004E8CC0 /* ViewController.m */ = {isa = PBXFileReference; fileEncoding = 4; lastKnownFileType = sourcecode.c.objc; path = ViewController.m; sourceTree = "<group>"; };
		3A29BDE71C183396004E8CC0 /* logo.png */ = {isa = PBXFileReference; lastKnownFileType = image.png; path = logo.png; sourceTree = "<group>"; };
/* End PBXFileReference section */

/* Begin PBXFrameworksBuildPhase section */
		3A29BDA31C180292004E8CC0 /* Frameworks */ = {
			isa = PBXFrameworksBuildPhase;
			buildActionMask = 2147483647;
			files = (
			);
			runOnlyForDeploymentPostprocessing = 0;
		};
		3A29BDBC1C180292004E8CC0 /* Frameworks */ = {
			isa = PBXFrameworksBuildPhase;
			buildActionMask = 2147483647;
			files = (
			);
			runOnlyForDeploymentPostprocessing = 0;
		};
		3A29BDC71C180292004E8CC0 /* Frameworks */ = {
			isa = PBXFrameworksBuildPhase;
			buildActionMask = 2147483647;
			files = (
			);
			runOnlyForDeploymentPostprocessing = 0;
		};
/* End PBXFrameworksBuildPhase section */

/* Begin PBXGroup section */
		3A29BD9D1C180292004E8CC0 = {
			isa = PBXGroup;
			children = (
				3A29BDA81C180292004E8CC0 /* Hypnosister */,
				3A29BDC21C180292004E8CC0 /* HypnosisterTests */,
				3A29BDCD1C180292004E8CC0 /* HypnosisterUITests */,
				3A29BDA71C180292004E8CC0 /* Products */,
			);
			sourceTree = "<group>";
		};
		3A29BDA71C180292004E8CC0 /* Products */ = {
			isa = PBXGroup;
			children = (
				3A29BDA61C180292004E8CC0 /* Hypnosister.app */,
				3A29BDBF1C180292004E8CC0 /* HypnosisterTests.xctest */,
				3A29BDCA1C180292004E8CC0 /* HypnosisterUITests.xctest */,
			);
			name = Products;
			sourceTree = "<group>";
		};
		3A29BDA81C180292004E8CC0 /* Hypnosister */ = {
			isa = PBXGroup;
			children = (
				3A29BDDC1C18046A004E8CC0 /* BNRHypnosisView.h */,
				3A29BDDD1C18046A004E8CC0 /* BNRHypnosisView.m */,
				3A29BDE71C183396004E8CC0 /* logo.png */,
				3A29BDAC1C180292004E8CC0 /* AppDelegate.h */,
				3A29BDAD1C180292004E8CC0 /* AppDelegate.m */,
				3A29BDE41C180F29004E8CC0 /* ViewController.h */,
				3A29BDE51C180F29004E8CC0 /* ViewController.m */,
				3A29BDB51C180292004E8CC0 /* Assets.xcassets */,
				3A29BDB71C180292004E8CC0 /* LaunchScreen.storyboard */,
				3A29BDBA1C180292004E8CC0 /* Info.plist */,
				3A29BDA91C180292004E8CC0 /* Supporting Files */,
			);
			path = Hypnosister;
			sourceTree = "<group>";
		};
		3A29BDA91C180292004E8CC0 /* Supporting Files */ = {
			isa = PBXGroup;
			children = (
				3A29BDAA1C180292004E8CC0 /* main.m */,
			);
			name = "Supporting Files";
			sourceTree = "<group>";
		};
		3A29BDC21C180292004E8CC0 /* HypnosisterTests */ = {
			isa = PBXGroup;
			children = (
				3A29BDC31C180292004E8CC0 /* HypnosisterTests.m */,
				3A29BDC51C180292004E8CC0 /* Info.plist */,
			);
			path = HypnosisterTests;
			sourceTree = "<group>";
		};
		3A29BDCD1C180292004E8CC0 /* HypnosisterUITests */ = {
			isa = PBXGroup;
			children = (
				3A29BDCE1C180292004E8CC0 /* HypnosisterUITests.m */,
				3A29BDD01C180292004E8CC0 /* Info.plist */,
			);
			path = HypnosisterUITests;
			sourceTree = "<group>";
		};
/* End PBXGroup section */

/* Begin PBXNativeTarget section */
		3A29BDA51C180292004E8CC0 /* Hypnosister */ = {
			isa = PBXNativeTarget;
			buildConfigurationList = 3A29BDD31C180292004E8CC0 /* Build configuration list for PBXNativeTarget "Hypnosister" */;
			buildPhases = (
				3A29BDA21C180292004E8CC0 /* Sources */,
				3A29BDA31C180292004E8CC0 /* Frameworks */,
				3A29BDA41C180292004E8CC0 /* Resources */,
			);
			buildRules = (
			);
			dependencies = (
			);
			name = Hypnosister;
			productName = Hypnosister;
			productReference = 3A29BDA61C180292004E8CC0 /* Hypnosister.app */;
			productType = "com.apple.product-type.application";
		};
		3A29BDBE1C180292004E8CC0 /* HypnosisterTests */ = {
			isa = PBXNativeTarget;
			buildConfigurationList = 3A29BDD61C180292004E8CC0 /* Build configuration list for PBXNativeTarget "HypnosisterTests" */;
			buildPhases = (
				3A29BDBB1C180292004E8CC0 /* Sources */,
				3A29BDBC1C180292004E8CC0 /* Frameworks */,
				3A29BDBD1C180292004E8CC0 /* Resources */,
			);
			buildRules = (
			);
			dependencies = (
				3A29BDC11C180292004E8CC0 /* PBXTargetDependency */,
			);
			name = HypnosisterTests;
			productName = HypnosisterTests;
			productReference = 3A29BDBF1C180292004E8CC0 /* HypnosisterTests.xctest */;
			productType = "com.apple.product-type.bundle.unit-test";
		};
		3A29BDC91C180292004E8CC0 /* HypnosisterUITests */ = {
			isa = PBXNativeTarget;
			buildConfigurationList = 3A29BDD91C180292004E8CC0 /* Build configuration list for PBXNativeTarget "HypnosisterUITests" */;
			buildPhases = (
				3A29BDC61C180292004E8CC0 /* Sources */,
				3A29BDC71C180292004E8CC0 /* Frameworks */,
				3A29BDC81C180292004E8CC0 /* Resources */,
			);
			buildRules = (
			);
			dependencies = (
				3A29BDCC1C180292004E8CC0 /* PBXTargetDependency */,
			);
			name = HypnosisterUITests;
			productName = HypnosisterUITests;
			productReference = 3A29BDCA1C180292004E8CC0 /* HypnosisterUITests.xctest */;
			productType = "com.apple.product-type.bundle.ui-testing";
		};
/* End PBXNativeTarget section */

/* Begin PBXProject section */
		3A29BD9E1C180292004E8CC0 /* Project object */ = {
			isa = PBXProject;
			attributes = {
				LastUpgradeCheck = 0710;
				ORGANIZATIONNAME = penddy;
				TargetAttributes = {
					3A29BDA51C180292004E8CC0 = {
						CreatedOnToolsVersion = 7.1.1;
					};
					3A29BDBE1C180292004E8CC0 = {
						CreatedOnToolsVersion = 7.1.1;
						TestTargetID = 3A29BDA51C180292004E8CC0;
					};
					3A29BDC91C180292004E8CC0 = {
						CreatedOnToolsVersion = 7.1.1;
						TestTargetID = 3A29BDA51C180292004E8CC0;
					};
				};
			};
			buildConfigurationList = 3A29BDA11C180292004E8CC0 /* Build configuration list for PBXProject "Hypnosister" */;
			compatibilityVersion = "Xcode 3.2";
			developmentRegion = English;
			hasScannedForEncodings = 0;
			knownRegions = (
				en,
				Base,
			);
			mainGroup = 3A29BD9D1C180292004E8CC0;
			productRefGroup = 3A29BDA71C180292004E8CC0 /* Products */;
			projectDirPath = "";
			projectRoot = "";
			targets = (
				3A29BDA51C180292004E8CC0 /* Hypnosister */,
				3A29BDBE1C180292004E8CC0 /* HypnosisterTests */,
				3A29BDC91C180292004E8CC0 /* HypnosisterUITests */,
			);
		};
/* End PBXProject section */

/* Begin PBXResourcesBuildPhase section */
		3A29BDA41C180292004E8CC0 /* Resources */ = {
			isa = PBXResourcesBuildPhase;
			buildActionMask = 2147483647;
			files = (
				3A29BDB91C180292004E8CC0 /* LaunchScreen.storyboard in Resources */,
				3A29BDB61C180292004E8CC0 /* Assets.xcassets in Resources */,
				3A29BDE81C183396004E8CC0 /* logo.png in Resources */,
			);
			runOnlyForDeploymentPostprocessing = 0;
		};
		3A29BDBD1C180292004E8CC0 /* Resources */ = {
			isa = PBXResourcesBuildPhase;
			buildActionMask = 2147483647;
			files = (
			);
			runOnlyForDeploymentPostprocessing = 0;
		};
		3A29BDC81C180292004E8CC0 /* Resources */ = {
			isa = PBXResourcesBuildPhase;
			buildActionMask = 2147483647;
			files = (
			);
			runOnlyForDeploymentPostprocessing = 0;
		};
/* End PBXResourcesBuildPhase section */

/* Begin PBXSourcesBuildPhase section */
		3A29BDA21C180292004E8CC0 /* Sources */ = {
			isa = PBXSourcesBuildPhase;
			buildActionMask = 2147483647;
			files = (
				3A29BDAE1C180292004E8CC0 /* AppDelegate.m in Sources */,
				3A29BDAB1C180292004E8CC0 /* main.m in Sources */,
				3A29BDE61C180F29004E8CC0 /* ViewController.m in Sources */,
				3A29BDDE1C18046A004E8CC0 /* BNRHypnosisView.m in Sources */,
			);
			runOnlyForDeploymentPostprocessing = 0;
		};
		3A29BDBB1C180292004E8CC0 /* Sources */ = {
			isa = PBXSourcesBuildPhase;
			buildActionMask = 2147483647;
			files = (
				3A29BDC41C180292004E8CC0 /* HypnosisterTests.m in Sources */,
			);
			runOnlyForDeploymentPostprocessing = 0;
		};
		3A29BDC61C180292004E8CC0 /* Sources */ = {
			isa = PBXSourcesBuildPhase;
			buildActionMask = 2147483647;
			files = (
				3A29BDCF1C180292004E8CC0 /* HypnosisterUITests.m in Sources */,
			);
			runOnlyForDeploymentPostprocessing = 0;
		};
/* End PBXSourcesBuildPhase section */

/* Begin PBXTargetDependency section */
		3A29BDC11C180292004E8CC0 /* PBXTargetDependency */ = {
			isa = PBXTargetDependency;
			target = 3A29BDA51C180292004E8CC0 /* Hypnosister */;
			targetProxy = 3A29BDC01C180292004E8CC0 /* PBXContainerItemProxy */;
		};
		3A29BDCC1C180292004E8CC0 /* PBXTargetDependency */ = {
			isa = PBXTargetDependency;
			target = 3A29BDA51C180292004E8CC0 /* Hypnosister */;
			targetProxy = 3A29BDCB1C180292004E8CC0 /* PBXContainerItemProxy */;
		};
/* End PBXTargetDependency section */

/* Begin PBXVariantGroup section */
		3A29BDB71C180292004E8CC0 /* LaunchScreen.storyboard */ = {
			isa = PBXVariantGroup;
			children = (
				3A29BDB81C180292004E8CC0 /* Base */,
			);
			name = LaunchScreen.storyboard;
			sourceTree = "<group>";
		};
/* End PBXVariantGroup section */

/* Begin XCBuildConfiguration section */
		3A29BDD11C180292004E8CC0 /* Debug */ = {
			isa = XCBuildConfiguration;
			buildSettings = {
				ALWAYS_SEARCH_USER_PATHS = NO;
				CLANG_CXX_LANGUAGE_STANDARD = "gnu++0x";
				CLANG_CXX_LIBRARY = "libc++";
				CLANG_ENABLE_MODULES = YES;
				CLANG_ENABLE_OBJC_ARC = YES;
				CLANG_WARN_BOOL_CONVERSION = YES;
				CLANG_WARN_CONSTANT_CONVERSION = YES;
				CLANG_WARN_DIRECT_OBJC_ISA_USAGE = YES_ERROR;
				CLANG_WARN_EMPTY_BODY = YES;
				CLANG_WARN_ENUM_CONVERSION = YES;
				CLANG_WARN_INT_CONVERSION = YES;
				CLANG_WARN_OBJC_ROOT_CLASS = YES_ERROR;
				CLANG_WARN_UNREACHABLE_CODE = YES;
				CLANG_WARN__DUPLICATE_METHOD_MATCH = YES;
				"CODE_SIGN_IDENTITY[sdk=iphoneos*]" = "iPhone Developer";
				COPY_PHASE_STRIP = NO;
				DEBUG_INFORMATION_FORMAT = dwarf;
				ENABLE_STRICT_OBJC_MSGSEND = YES;
				ENABLE_TESTABILITY = YES;
				GCC_C_LANGUAGE_STANDARD = gnu99;
				GCC_DYNAMIC_NO_PIC = NO;
				GCC_NO_COMMON_BLOCKS = YES;
				GCC_OPTIMIZATION_LEVEL = 0;
				GCC_PREPROCESSOR_DEFINITIONS = (
					"DEBUG=1",
					"$(inherited)",
				);
				GCC_WARN_64_TO_32_BIT_CONVERSION = YES;
				GCC_WARN_ABOUT_RETURN_TYPE = YES_ERROR;
				GCC_WARN_UNDECLARED_SELECTOR = YES;
				GCC_WARN_UNINITIALIZED_AUTOS = YES_AGGRESSIVE;
				GCC_WARN_UNUSED_FUNCTION = YES;
				GCC_WARN_UNUSED_VARIABLE = YES;
				IPHONEOS_DEPLOYMENT_TARGET = 9.1;
				MTL_ENABLE_DEBUG_INFO = YES;
				ONLY_ACTIVE_ARCH = YES;
				SDKROOT = iphoneos;
			};
			name = Debug;
		};
		3A29BDD21C180292004E8CC0 /* Release */ = {
			isa = XCBuildConfiguration;
			buildSettings = {
				ALWAYS_SEARCH_USER_PATHS = NO;
				CLANG_CXX_LANGUAGE_STANDARD = "gnu++0x";
				CLANG_CXX_LIBRARY = "libc++";
				CLANG_ENABLE_MODULES = YES;
				CLANG_ENABLE_OBJC_ARC = YES;
				CLANG_WARN_BOOL_CONVERSION = YES;
				CLANG_WARN_CONSTANT_CONVERSION = YES;
				CLANG_WARN_DIRECT_OBJC_ISA_USAGE = YES_ERROR;
				CLANG_WARN_EMPTY_BODY = YES;
				CLANG_WARN_ENUM_CONVERSION = YES;
				CLANG_WARN_INT_CONVERSION = YES;
				CLANG_WARN_OBJC_ROOT_CLASS = YES_ERROR;
				CLANG_WARN_UNREACHABLE_CODE = YES;
				CLANG_WARN__DUPLICATE_METHOD_MATCH = YES;
				"CODE_SIGN_IDENTITY[sdk=iphoneos*]" = "iPhone Developer";
				COPY_PHASE_STRIP = NO;
				DEBUG_INFORMATION_FORMAT = "dwarf-with-dsym";
				ENABLE_NS_ASSERTIONS = NO;
				ENABLE_STRICT_OBJC_MSGSEND = YES;
				GCC_C_LANGUAGE_STANDARD = gnu99;
				GCC_NO_COMMON_BLOCKS = YES;
				GCC_WARN_64_TO_32_BIT_CONVERSION = YES;
				GCC_WARN_ABOUT_RETURN_TYPE = YES_ERROR;
				GCC_WARN_UNDECLARED_SELECTOR = YES;
				GCC_WARN_UNINITIALIZED_AUTOS = YES_AGGRESSIVE;
				GCC_WARN_UNUSED_FUNCTION = YES;
				GCC_WARN_UNUSED_VARIABLE = YES;
				IPHONEOS_DEPLOYMENT_TARGET = 9.1;
				MTL_ENABLE_DEBUG_INFO = NO;
				SDKROOT = iphoneos;
				VALIDATE_PRODUCT = YES;
			};
			name = Release;
		};
		3A29BDD41C180292004E8CC0 /* Debug */ = {
			isa = XCBuildConfiguration;
			buildSettings = {
				ASSETCATALOG_COMPILER_APPICON_NAME = AppIcon;
				INFOPLIST_FILE = Hypnosister/Info.plist;
				LD_RUNPATH_SEARCH_PATHS = "$(inherited) @executable_path/Frameworks";
				PRODUCT_BUNDLE_IDENTIFIER = com.penddy.Hypnosister;
				PRODUCT_NAME = "$(TARGET_NAME)";
			};
			name = Debug;
		};
		3A29BDD51C180292004E8CC0 /* Release */ = {
			isa = XCBuildConfiguration;
			buildSettings = {
				ASSETCATALOG_COMPILER_APPICON_NAME = AppIcon;
				INFOPLIST_FILE = Hypnosister/Info.plist;
				LD_RUNPATH_SEARCH_PATHS = "$(inherited) @executable_path/Frameworks";
				PRODUCT_BUNDLE_IDENTIFIER = com.penddy.Hypnosister;
				PRODUCT_NAME = "$(TARGET_NAME)";
			};
			name = Release;
		};
		3A29BDD71C180292004E8CC0 /* Debug */ = {
			isa = XCBuildConfiguration;
			buildSettings = {
				BUNDLE_LOADER = "$(TEST_HOST)";
				INFOPLIST_FILE = HypnosisterTests/Info.plist;
				LD_RUNPATH_SEARCH_PATHS = "$(inherited) @executable_path/Frameworks @loader_path/Frameworks";
				PRODUCT_BUNDLE_IDENTIFIER = com.penddy.HypnosisterTests;
				PRODUCT_NAME = "$(TARGET_NAME)";
				TEST_HOST = "$(BUILT_PRODUCTS_DIR)/Hypnosister.app/Hypnosister";
			};
			name = Debug;
		};
		3A29BDD81C180292004E8CC0 /* Release */ = {
			isa = XCBuildConfiguration;
			buildSettings = {
				BUNDLE_LOADER = "$(TEST_HOST)";
				INFOPLIST_FILE = HypnosisterTests/Info.plist;
				LD_RUNPATH_SEARCH_PATHS = "$(inherited) @executable_path/Frameworks @loader_path/Frameworks";
				PRODUCT_BUNDLE_IDENTIFIER = com.penddy.HypnosisterTests;
				PRODUCT_NAME = "$(TARGET_NAME)";
				TEST_HOST = "$(BUILT_PRODUCTS_DIR)/Hypnosister.app/Hypnosister";
			};
			name = Release;
		};
		3A29BDDA1C180292004E8CC0 /* Debug */ = {
			isa = XCBuildConfiguration;
			buildSettings = {
				INFOPLIST_FILE = HypnosisterUITests/Info.plist;
				LD_RUNPATH_SEARCH_PATHS = "$(inherited) @executable_path/Frameworks @loader_path/Frameworks";
				PRODUCT_BUNDLE_IDENTIFIER = com.penddy.HypnosisterUITests;
				PRODUCT_NAME = "$(TARGET_NAME)";
				TEST_TARGET_NAME = Hypnosister;
				USES_XCTRUNNER = YES;
			};
			name = Debug;
		};
		3A29BDDB1C180292004E8CC0 /* Release */ = {
			isa = XCBuildConfiguration;
			buildSettings = {
				INFOPLIST_FILE = HypnosisterUITests/Info.plist;
				LD_RUNPATH_SEARCH_PATHS = "$(inherited) @executable_path/Frameworks @loader_path/Frameworks";
				PRODUCT_BUNDLE_IDENTIFIER = com.penddy.HypnosisterUITests;
				PRODUCT_NAME = "$(TARGET_NAME)";
				TEST_TARGET_NAME = Hypnosister;
				USES_XCTRUNNER = YES;
			};
			name = Release;
		};
/* End XCBuildConfiguration section */

/* Begin XCConfigurationList section */
		3A29BDA11C180292004E8CC0 /* Build configuration list for PBXProject "Hypnosister" */ = {
			isa = XCConfigurationList;
			buildConfigurations = (
				3A29BDD11C180292004E8CC0 /* Debug */,
				3A29BDD21C180292004E8CC0 /* Release */,
			);
			defaultConfigurationIsVisible = 0;
			defaultConfigurationName = Release;
		};
		3A29BDD31C180292004E8CC0 /* Build configuration list for PBXNativeTarget "Hypnosister" */ = {
			isa = XCConfigurationList;
			buildConfigurations = (
				3A29BDD41C180292004E8CC0 /* Debug */,
				3A29BDD51C180292004E8CC0 /* Release */,
			);
			defaultConfigurationIsVisible = 0;
		};
		3A29BDD61C180292004E8CC0 /* Build configuration list for PBXNativeTarget "HypnosisterTests" */ = {
			isa = XCConfigurationList;
			buildConfigurations = (
				3A29BDD71C180292004E8CC0 /* Debug */,
				3A29BDD81C180292004E8CC0 /* Release */,
			);
			defaultConfigurationIsVisible = 0;
		};
		3A29BDD91C180292004E8CC0 /* Build configuration list for PBXNativeTarget "HypnosisterUITests" */ = {
			isa = XCConfigurationList;
			buildConfigurations = (
				3A29BDDA1C180292004E8CC0 /* Debug */,
				3A29BDDB1C180292004E8CC0 /* Release */,
			);
			defaultConfigurationIsVisible = 0;
		};
/* End XCConfigurationList section */
	};
	rootObject = 3A29BD9E1C180292004E8CC0 /* Project object */;
}
